# THIS IS AN AUTOGENERATED FILE. DO NOT EDIT THIS FILE DIRECTLY.
# yarn lockfile v1


"@stomp/stompjs@^7.0.0":
  version "7.0.0"
  resolved "https://registry.yarnpkg.com/@stomp/stompjs/-/stompjs-7.0.0.tgz#46b5c454a9dc8262e0b20f3b3dbacaa113993077"
  integrity sha512-fGdq4wPDnSV/KyOsjq4P+zLc8MFWC3lMmP5FBgLWKPJTYcuCbAIrnRGjB7q2jHZdYCOD5vxLuFoKIYLy5/u8Pw==
