# THIS IS AN AUTOGENERATED FILE. DO NOT EDIT THIS FILE DIRECTLY.
# yarn lockfile v1


"@seznam/compose-react-refs@^1.0.6":
  version "1.0.6"
  resolved "https://registry.yarnpkg.com/@seznam/compose-react-refs/-/compose-react-refs-1.0.6.tgz#6ec4e70bdd6e32f8e70b4100f27267cf306bd8df"
  integrity sha512-izzOXQfeQLonzrIQb8u6LQ8dk+ymz3WXTIXjvOlTXHq6sbzROg3NWU+9TTAOpEoK9Bth24/6F/XrfHJ5yR5n6Q==

"@vtaits/use-lazy-ref@^0.1.0":
  version "0.1.0"
  resolved "https://registry.yarnpkg.com/@vtaits/use-lazy-ref/-/use-lazy-ref-0.1.0.tgz#0d5fb47a4334ff57f5d2abf00c9919696e382d86"
  integrity sha512-/m5z3Df6I6i/B0lnv6pB2O1+X/nWVquqbnltq+irW1+Nhpv0PpeMzSNf9lTjzT/eHRZtH2fM1370AdYqc3FTyQ==

react-select-async-paginate@^0.7.2:
  version "0.7.2"
  resolved "https://registry.yarnpkg.com/react-select-async-paginate/-/react-select-async-paginate-0.7.2.tgz#acdcb74c9701d00f886b5a6ec1f53d526c3cd1e6"
  integrity sha512-NlF717+Kh/OgSC7YyEYuB0ebsqF2YhyEdcETH1lX6X4INgNKpKH269MI1H5soIThZdCPZl5xz2QSldcPKlPlew==
  dependencies:
    "@seznam/compose-react-refs" "^1.0.6"
    "@vtaits/use-lazy-ref" "^0.1.0"
    sleep-promise "^9.1.0"
    use-is-mounted-ref "^1.5.0"

sleep-promise@^9.1.0:
  version "9.1.0"
  resolved "https://registry.yarnpkg.com/sleep-promise/-/sleep-promise-9.1.0.tgz#101ebe65700bcd184709da95d960967b02b79d03"
  integrity sha512-UHYzVpz9Xn8b+jikYSD6bqvf754xL2uBUzDFwiU6NcdZeifPr6UfgU43xpkPu67VMS88+TI2PSI7Eohgqf2fKA==

use-is-mounted-ref@^1.5.0:
  version "1.5.0"
  resolved "https://registry.yarnpkg.com/use-is-mounted-ref/-/use-is-mounted-ref-1.5.0.tgz#d737e7b30f1bbbaca594f21cdd2621dc52ae8180"
  integrity sha512-p5FksHf/ospZUr5KU9ese6u3jp9fzvZ3wuSb50i0y6fdONaHWgmOqQtxR/PUcwi6hnhQDbNxWSg3eTK3N6m+dg==
